# THIS IS AN AUTOGENERATED FILE. DO NOT EDIT THIS FILE DIRECTLY.
# yarn lockfile v1


moment@^2.24.0:
  version "2.24.0"
  resolved "https://registry.yarnpkg.com/moment/-/moment-2.24.0.tgz#0d055d53f5052aa653c9f6eb68bb5d12bf5c2b5b"
  integrity sha512-bV7f+6l2QigeBBZSM/6yTNq4P2fNpSWj/0e7jQcy87A8e7o2nAfP/34/2ky5Vw4B9S446EtIhodAzkFCcR4dQg==

vue-momentjs@^0.1.2:
  version "0.1.2"
  resolved "https://registry.yarnpkg.com/vue-momentjs/-/vue-momentjs-0.1.2.tgz#db517335df0b21402df9c65d8c7a86833d42f32f"
  integrity sha512-gtUc5BIo2nPku4gxGDqAa9sWRjn7Utpp22+Fqrd9dMEeLYo+9NGiJ0XBUXh3hmKbAXj+kWuFklJX+BBUfeEjQA==
